
Microsoft Visual Studio Solution File, Format Version 12.00
# Visual Studio Version 17
VisualStudioVersion = 17.13.35825.156
MinimumVisualStudioVersion = 10.0.40219.1
Project("{FAE04EC0-301F-11D3-BF4B-00C04F79EFBC}") = "ChatWP_P2P", "ChatWP_P2P\ChatWP_P2P.csproj", "{900BBD27-0186-40E4-9A1C-E3115A0DD2D1}"
EndProject
Global
	GlobalSection(SolutionConfigurationPlatforms) = preSolution
		Debug|Any CPU = Debug|Any CPU
		Release|Any CPU = Release|Any CPU
	EndGlobalSection
	GlobalSection(ProjectConfigurationPlatforms) = postSolution
		{900BBD27-0186-40E4-9A1C-E3115A0DD2D1}.Debug|Any CPU.ActiveCfg = Debug|Any CPU
		{900BBD27-0186-40E4-9A1C-E3115A0DD2D1}.Debug|Any CPU.Build.0 = Debug|Any CPU
		{900BBD27-0186-40E4-9A1C-E3115A0DD2D1}.Release|Any CPU.ActiveCfg = Release|Any CPU
		{900BBD27-0186-40E4-9A1C-E3115A0DD2D1}.Release|Any CPU.Build.0 = Release|Any CPU
	EndGlobalSection
	GlobalSection(SolutionProperties) = preSolution
		HideSolutionNode = FALSE
	EndGlobalSection
	GlobalSection(ExtensibilityGlobals) = postSolution
		SolutionGuid = {81203ABE-E2B0-4ED3-B0F4-41998904C28A}
	EndGlobalSection
EndGlobal
